{
  "requires": true,
  "lockfileVersion": 1,
  "dependencies": {
    "pitchfinder": {
      "version": "2.0.9",
      "resolved": "https://registry.npmjs.org/pitchfinder/-/pitchfinder-2.0.9.tgz",
      "integrity": "sha512-tXP/Z4F7A1F3jUS5Wa4RVo+ksxWzsLqqCCwCt5K/ENrSBZHBb4RnukqQwHXb7sDO4eaqyTdX8GFkyU/y/yCk2A=="
    }
  }
}
